{
  "name": "fc2blog",
  "version": "0.0.0",
  "lockfileVersion": 2,
  "requires": true,
  "packages": {
    "": {
      "version": "0.0.0",
      "license": "MIT",
      "dependencies": {
        "jquery": "^3.6.0",
        "jquery-toggles": "^4.0.0",
        "jquery-ui": "^1.12.1",
        "jquery-ui-timepicker-addon": "^1.6.3",
        "js-cookie": "^2.2.1"
      }
    },
    "node_modules/jquery": {
      "version": "3.6.0",
      "resolved": "https://registry.npmjs.org/jquery/-/jquery-3.6.0.tgz",
      "integrity": "sha512-JVzAR/AjBvVt2BmYhxRCSYysDsPcssdmTFnzyLEts9qNwmjmu4JTAMYubEfwVOSwpQ1I1sKKFcxhZCI2buerfw=="
    },
    "node_modules/jquery-toggles": {
      "version": "4.0.0",
      "resolved": "https://registry.npmjs.org/jquery-toggles/-/jquery-toggles-4.0.0.tgz",
      "integrity": "sha1-gg7r/7Y9redkTrW8VhmPAhRybBk="
    },
    "node_modules/jquery-ui": {
      "version": "1.12.1",
      "resolved": "https://registry.npmjs.org/jquery-ui/-/jquery-ui-1.12.1.tgz",
      "integrity": "sha1-vLQEXI3QU5wTS8FIjN0+dop6nlE="
    },
    "node_modules/jquery-ui-timepicker-addon": {
      "version": "1.6.3",
      "resolved": "https://registry.npmjs.org/jquery-ui-timepicker-addon/-/jquery-ui-timepicker-addon-1.6.3.tgz",
      "integrity": "sha1-gDfDmwtjAoLdCzfditf8XhFjN38=",
      "engines": {
        "node": ">= 0.8.0"
      }
    },
    "node_modules/js-cookie": {
      "version": "2.2.1",
      "resolved": "https://registry.npmjs.org/js-cookie/-/js-cookie-2.2.1.tgz",
      "integrity": "sha512-HvdH2LzI/EAZcUwA8+0nKNtWHqS+ZmijLA30RwZA0bo7ToCckjK5MkGhjED9KoRcXO6BaGI3I9UIzSA1FKFPOQ=="
    }
  },
  "dependencies": {
    "jquery": {
      "version": "3.6.0",
      "resolved": "https://registry.npmjs.org/jquery/-/jquery-3.6.0.tgz",
      "integrity": "sha512-JVzAR/AjBvVt2BmYhxRCSYysDsPcssdmTFnzyLEts9qNwmjmu4JTAMYubEfwVOSwpQ1I1sKKFcxhZCI2buerfw=="
    },
    "jquery-toggles": {
      "version": "4.0.0",
      "resolved": "https://registry.npmjs.org/jquery-toggles/-/jquery-toggles-4.0.0.tgz",
      "integrity": "sha1-gg7r/7Y9redkTrW8VhmPAhRybBk="
    },
    "jquery-ui": {
      "version": "1.12.1",
      "resolved": "https://registry.npmjs.org/jquery-ui/-/jquery-ui-1.12.1.tgz",
      "integrity": "sha1-vLQEXI3QU5wTS8FIjN0+dop6nlE="
    },
    "jquery-ui-timepicker-addon": {
      "version": "1.6.3",
      "resolved": "https://registry.npmjs.org/jquery-ui-timepicker-addon/-/jquery-ui-timepicker-addon-1.6.3.tgz",
      "integrity": "sha1-gDfDmwtjAoLdCzfditf8XhFjN38="
    },
    "js-cookie": {
      "version": "2.2.1",
      "resolved": "https://registry.npmjs.org/js-cookie/-/js-cookie-2.2.1.tgz",
      "integrity": "sha512-HvdH2LzI/EAZcUwA8+0nKNtWHqS+ZmijLA30RwZA0bo7ToCckjK5MkGhjED9KoRcXO6BaGI3I9UIzSA1FKFPOQ=="
    }
  }
}
